// !$*UTF8*$!
{
	archiveVersion = 1;
	classes = {
	};
	objectVersion = 46;
	objects = {

/* Begin PBXBuildFile section */
		3FBE132219EBB8CC00899CD2 /* UIKit.framework in Frameworks */ = {isa = PBXBuildFile; fileRef = 3FBE132119EBB8CC00899CD2 /* UIKit.framework */; };
		3FBE132419EBB8CC00899CD2 /* Foundation.framework in Frameworks */ = {isa = PBXBuildFile; fileRef = 3FBE132319EBB8CC00899CD2 /* Foundation.framework */; };
		3FBE132619EBB8CC00899CD2 /* CoreGraphics.framework in Frameworks */ = {isa = PBXBuildFile; fileRef = 3FBE132519EBB8CC00899CD2 /* CoreGraphics.framework */; };
		3FBE132C19EBB8CC00899CD2 /* InfoPlist.strings in Resources */ = {isa = PBXBuildFile; fileRef = 3FBE132A19EBB8CC00899CD2 /* InfoPlist.strings */; };
		3FBE132E19EBB8CC00899CD2 /* main.m in Sources */ = {isa = PBXBuildFile; fileRef = 3FBE132D19EBB8CC00899CD2 /* main.m */; };
		3FBE133219EBB8CC00899CD2 /* AppDelegate.m in Sources */ = {isa = PBXBuildFile; fileRef = 3FBE133119EBB8CC00899CD2 /* AppDelegate.m */; };
		3FBE133419EBB8CC00899CD2 /* Default.png in Resources */ = {isa = PBXBuildFile; fileRef = 3FBE133319EBB8CC00899CD2 /* Default.png */; };
		3FBE133619EBB8CC00899CD2 /* Default@2x.png in Resources */ = {isa = PBXBuildFile; fileRef = 3FBE133519EBB8CC00899CD2 /* Default@2x.png */; };
		3FBE133819EBB8CC00899CD2 /* Default-568h@2x.png in Resources */ = {isa = PBXBuildFile; fileRef = 3FBE133719EBB8CC00899CD2 /* Default-568h@2x.png */; };
		3FBE133B19EBB8CC00899CD2 /* MainStoryboard.storyboard in Resources */ = {isa = PBXBuildFile; fileRef = 3FBE133919EBB8CC00899CD2 /* MainStoryboard.storyboard */; };
		3FBE133E19EBB8CC00899CD2 /* ViewController.m in Sources */ = {isa = PBXBuildFile; fileRef = 3FBE133D19EBB8CC00899CD2 /* ViewController.m */; };
/* End PBXBuildFile section */

/* Begin PBXFileReference section */
		3FBE131D19EBB8CC00899CD2 /* TableTopClient.app */ = {isa = PBXFileReference; explicitFileType = wrapper.application; includeInIndex = 0; path = TableTopClient.app; sourceTree = BUILT_PRODUCTS_DIR; };
		3FBE132119EBB8CC00899CD2 /* UIKit.framework */ = {isa = PBXFileReference; lastKnownFileType = wrapper.framework; name = UIKit.framework; path = System/Library/Frameworks/UIKit.framework; sourceTree = SDKROOT; };
		3FBE132319EBB8CC00899CD2 /* Foundation.framework */ = {isa = PBXFileReference; lastKnownFileType = wrapper.framework; name = Foundation.framework; path = System/Library/Frameworks/Foundation.framework; sourceTree = SDKROOT; };
		3FBE132519EBB8CC00899CD2 /* CoreGraphics.framework */ = {isa = PBXFileReference; lastKnownFileType = wrapper.framework; name = CoreGraphics.framework; path = System/Library/Frameworks/CoreGraphics.framework; sourceTree = SDKROOT; };
		3FBE132919EBB8CC00899CD2 /* TableTopClient-Info.plist */ = {isa = PBXFileReference; lastKnownFileType = text.plist.xml; path = "TableTopClient-Info.plist"; sourceTree = "<group>"; };
		3FBE132B19EBB8CC00899CD2 /* en */ = {isa = PBXFileReference; lastKnownFileType = text.plist.strings; name = en; path = en.lproj/InfoPlist.strings; sourceTree = "<group>"; };
		3FBE132D19EBB8CC00899CD2 /* main.m */ = {isa = PBXFileReference; lastKnownFileType = sourcecode.c.objc; path = main.m; sourceTree = "<group>"; };
		3FBE132F19EBB8CC00899CD2 /* TableTopClient-Prefix.pch */ = {isa = PBXFileReference; lastKnownFileType = sourcecode.c.h; path = "TableTopClient-Prefix.pch"; sourceTree = "<group>"; };
		3FBE133019EBB8CC00899CD2 /* AppDelegate.h */ = {isa = PBXFileReference; lastKnownFileType = sourcecode.c.h; path = AppDelegate.h; sourceTree = "<group>"; };
		3FBE133119EBB8CC00899CD2 /* AppDelegate.m */ = {isa = PBXFileReference; lastKnownFileType = sourcecode.c.objc; path = AppDelegate.m; sourceTree = "<group>"; };
		3FBE133319EBB8CC00899CD2 /* Default.png */ = {isa = PBXFileReference; lastKnownFileType = image.png; path = Default.png; sourceTree = "<group>"; };
		3FBE133519EBB8CC00899CD2 /* Default@2x.png */ = {isa = PBXFileReference; lastKnownFileType = image.png; path = "Default@2x.png"; sourceTree = "<group>"; };
		3FBE133719EBB8CC00899CD2 /* Default-568h@2x.png */ = {isa = PBXFileReference; lastKnownFileType = image.png; path = "Default-568h@2x.png"; sourceTree = "<group>"; };
		3FBE133A19EBB8CC00899CD2 /* en */ = {isa = PBXFileReference; lastKnownFileType = file.storyboard; name = en; path = en.lproj/MainStoryboard.storyboard; sourceTree = "<group>"; };
		3FBE133C19EBB8CC00899CD2 /* ViewController.h */ = {isa = PBXFileReference; lastKnownFileType = sourcecode.c.h; path = ViewController.h; sourceTree = "<group>"; };
		3FBE133D19EBB8CC00899CD2 /* ViewController.m */ = {isa = PBXFileReference; lastKnownFileType = sourcecode.c.objc; path = ViewController.m; sourceTree = "<group>"; };
/* End PBXFileReference section */

/* Begin PBXFrameworksBuildPhase section */
		3FBE131A19EBB8CC00899CD2 /* Frameworks */ = {
			isa = PBXFrameworksBuildPhase;
			buildActionMask = 2147483647;
			files = (
				3FBE132219EBB8CC00899CD2 /* UIKit.framework in Frameworks */,
				3FBE132419EBB8CC00899CD2 /* Foundation.framework in Frameworks */,
				3FBE132619EBB8CC00899CD2 /* CoreGraphics.framework in Frameworks */,
			);
			runOnlyForDeploymentPostprocessing = 0;
		};
/* End PBXFrameworksBuildPhase section */

/* Begin PBXGroup section */
		3FBE131219EBB8CC00899CD2 = {
			isa = PBXGroup;
			children = (
				3FBE132719EBB8CC00899CD2 /* TableTopClient */,
				3FBE132019EBB8CC00899CD2 /* Frameworks */,
				3FBE131E19EBB8CC00899CD2 /* Products */,
			);
			sourceTree = "<group>";
		};
		3FBE131E19EBB8CC00899CD2 /* Products */ = {
			isa = PBXGroup;
			children = (
				3FBE131D19EBB8CC00899CD2 /* TableTopClient.app */,
			);
			name = Products;
			sourceTree = "<group>";
		};
		3FBE132019EBB8CC00899CD2 /* Frameworks */ = {
			isa = PBXGroup;
			children = (
				3FBE132119EBB8CC00899CD2 /* UIKit.framework */,
				3FBE132319EBB8CC00899CD2 /* Foundation.framework */,
				3FBE132519EBB8CC00899CD2 /* CoreGraphics.framework */,
			);
			name = Frameworks;
			sourceTree = "<group>";
		};
		3FBE132719EBB8CC00899CD2 /* TableTopClient */ = {
			isa = PBXGroup;
			children = (
				3FBE133019EBB8CC00899CD2 /* AppDelegate.h */,
				3FBE133119EBB8CC00899CD2 /* AppDelegate.m */,
				3FBE133919EBB8CC00899CD2 /* MainStoryboard.storyboard */,
				3FBE133C19EBB8CC00899CD2 /* ViewController.h */,
				3FBE133D19EBB8CC00899CD2 /* ViewController.m */,
				3FBE132819EBB8CC00899CD2 /* Supporting Files */,
			);
			path = TableTopClient;
			sourceTree = "<group>";
		};
		3FBE132819EBB8CC00899CD2 /* Supporting Files */ = {
			isa = PBXGroup;
			children = (
				3FBE132919EBB8CC00899CD2 /* TableTopClient-Info.plist */,
				3FBE132A19EBB8CC00899CD2 /* InfoPlist.strings */,
				3FBE132D19EBB8CC00899CD2 /* main.m */,
				3FBE132F19EBB8CC00899CD2 /* TableTopClient-Prefix.pch */,
				3FBE133319EBB8CC00899CD2 /* Default.png */,
				3FBE133519EBB8CC00899CD2 /* Default@2x.png */,
				3FBE133719EBB8CC00899CD2 /* Default-568h@2x.png */,
			);
			name = "Supporting Files";
			sourceTree = "<group>";
		};
/* End PBXGroup section */

/* Begin PBXNativeTarget section */
		3FBE131C19EBB8CC00899CD2 /* TableTopClient */ = {
			isa = PBXNativeTarget;
			buildConfigurationList = 3FBE134119EBB8CC00899CD2 /* Build configuration list for PBXNativeTarget "TableTopClient" */;
			buildPhases = (
				3FBE131919EBB8CC00899CD2 /* Sources */,
				3FBE131A19EBB8CC00899CD2 /* Frameworks */,
				3FBE131B19EBB8CC00899CD2 /* Resources */,
			);
			buildRules = (
			);
			dependencies = (
			);
			name = TableTopClient;
			productName = TableTopClient;
			productReference = 3FBE131D19EBB8CC00899CD2 /* TableTopClient.app */;
			productType = "com.apple.product-type.application";
		};
/* End PBXNativeTarget section */

/* Begin PBXProject section */
		3FBE131419EBB8CC00899CD2 /* Project object */ = {
			isa = PBXProject;
			attributes = {
				LastUpgradeCheck = 0450;
				ORGANIZATIONNAME = student;
			};
			buildConfigurationList = 3FBE131719EBB8CC00899CD2 /* Build configuration list for PBXProject "TableTopClient" */;
			compatibilityVersion = "Xcode 3.2";
			developmentRegion = English;
			hasScannedForEncodings = 0;
			knownRegions = (
				en,
			);
			mainGroup = 3FBE131219EBB8CC00899CD2;
			productRefGroup = 3FBE131E19EBB8CC00899CD2 /* Products */;
			projectDirPath = "";
			projectRoot = "";
			targets = (
				3FBE131C19EBB8CC00899CD2 /* TableTopClient */,
			);
		};
/* End PBXProject section */

/* Begin PBXResourcesBuildPhase section */
		3FBE131B19EBB8CC00899CD2 /* Resources */ = {
			isa = PBXResourcesBuildPhase;
			buildActionMask = 2147483647;
			files = (
				3FBE132C19EBB8CC00899CD2 /* InfoPlist.strings in Resources */,
				3FBE133419EBB8CC00899CD2 /* Default.png in Resources */,
				3FBE133619EBB8CC00899CD2 /* Default@2x.png in Resources */,
				3FBE133819EBB8CC00899CD2 /* Default-568h@2x.png in Resources */,
				3FBE133B19EBB8CC00899CD2 /* MainStoryboard.storyboard in Resources */,
			);
			runOnlyForDeploymentPostprocessing = 0;
		};
/* End PBXResourcesBuildPhase section */

/* Begin PBXSourcesBuildPhase section */
		3FBE131919EBB8CC00899CD2 /* Sources */ = {
			isa = PBXSourcesBuildPhase;
			buildActionMask = 2147483647;
			files = (
				3FBE132E19EBB8CC00899CD2 /* main.m in Sources */,
				3FBE133219EBB8CC00899CD2 /* AppDelegate.m in Sources */,
				3FBE133E19EBB8CC00899CD2 /* ViewController.m in Sources */,
			);
			runOnlyForDeploymentPostprocessing = 0;
		};
/* End PBXSourcesBuildPhase section */

/* Begin PBXVariantGroup section */
		3FBE132A19EBB8CC00899CD2 /* InfoPlist.strings */ = {
			isa = PBXVariantGroup;
			children = (
				3FBE132B19EBB8CC00899CD2 /* en */,
			);
			name = InfoPlist.strings;
			sourceTree = "<group>";
		};
		3FBE133919EBB8CC00899CD2 /* MainStoryboard.storyboard */ = {
			isa = PBXVariantGroup;
			children = (
				3FBE133A19EBB8CC00899CD2 /* en */,
			);
			name = MainStoryboard.storyboard;
			sourceTree = "<group>";
		};
/* End PBXVariantGroup section */

/* Begin XCBuildConfiguration section */
		3FBE133F19EBB8CC00899CD2 /* Debug */ = {
			isa = XCBuildConfiguration;
			buildSettings = {
				ALWAYS_SEARCH_USER_PATHS = NO;
				CLANG_CXX_LANGUAGE_STANDARD = "gnu++0x";
				CLANG_CXX_LIBRARY = "libc++";
				CLANG_WARN_EMPTY_BODY = YES;
				CLANG_WARN__DUPLICATE_METHOD_MATCH = YES;
				"CODE_SIGN_IDENTITY[sdk=iphoneos*]" = "iPhone Developer";
				COPY_PHASE_STRIP = NO;
				GCC_C_LANGUAGE_STANDARD = gnu99;
				GCC_DYNAMIC_NO_PIC = NO;
				GCC_OPTIMIZATION_LEVEL = 0;
				GCC_PREPROCESSOR_DEFINITIONS = (
					"DEBUG=1",
					"$(inherited)",
				);
				GCC_SYMBOLS_PRIVATE_EXTERN = NO;
				GCC_WARN_ABOUT_RETURN_TYPE = YES;
				GCC_WARN_UNINITIALIZED_AUTOS = YES;
				GCC_WARN_UNUSED_VARIABLE = YES;
				IPHONEOS_DEPLOYMENT_TARGET = 6.0;
				ONLY_ACTIVE_ARCH = YES;
				SDKROOT = iphoneos;
			};
			name = Debug;
		};
		3FBE134019EBB8CC00899CD2 /* Release */ = {
			isa = XCBuildConfiguration;
			buildSettings = {
				ALWAYS_SEARCH_USER_PATHS = NO;
				CLANG_CXX_LANGUAGE_STANDARD = "gnu++0x";
				CLANG_CXX_LIBRARY = "libc++";
				CLANG_WARN_EMPTY_BODY = YES;
				CLANG_WARN__DUPLICATE_METHOD_MATCH = YES;
				"CODE_SIGN_IDENTITY[sdk=iphoneos*]" = "iPhone Developer";
				COPY_PHASE_STRIP = YES;
				GCC_C_LANGUAGE_STANDARD = gnu99;
				GCC_WARN_ABOUT_RETURN_TYPE = YES;
				GCC_WARN_UNINITIALIZED_AUTOS = YES;
				GCC_WARN_UNUSED_VARIABLE = YES;
				IPHONEOS_DEPLOYMENT_TARGET = 6.0;
				OTHER_CFLAGS = "-DNS_BLOCK_ASSERTIONS=1";
				SDKROOT = iphoneos;
				VALIDATE_PRODUCT = YES;
			};
			name = Release;
		};
		3FBE134219EBB8CC00899CD2 /* Debug */ = {
			isa = XCBuildConfiguration;
			buildSettings = {
				GCC_PRECOMPILE_PREFIX_HEADER = YES;
				GCC_PREFIX_HEADER = "TableTopClient/TableTopClient-Prefix.pch";
				INFOPLIST_FILE = "TableTopClient/TableTopClient-Info.plist";
				PRODUCT_NAME = "$(TARGET_NAME)";
				WRAPPER_EXTENSION = app;
			};
			name = Debug;
		};
		3FBE134319EBB8CC00899CD2 /* Release */ = {
			isa = XCBuildConfiguration;
			buildSettings = {
				GCC_PRECOMPILE_PREFIX_HEADER = YES;
				GCC_PREFIX_HEADER = "TableTopClient/TableTopClient-Prefix.pch";
				INFOPLIST_FILE = "TableTopClient/TableTopClient-Info.plist";
				PRODUCT_NAME = "$(TARGET_NAME)";
				WRAPPER_EXTENSION = app;
			};
			name = Release;
		};
/* End XCBuildConfiguration section */

/* Begin XCConfigurationList section */
		3FBE131719EBB8CC00899CD2 /* Build configuration list for PBXProject "TableTopClient" */ = {
			isa = XCConfigurationList;
			buildConfigurations = (
				3FBE133F19EBB8CC00899CD2 /* Debug */,
				3FBE134019EBB8CC00899CD2 /* Release */,
			);
			defaultConfigurationIsVisible = 0;
			defaultConfigurationName = Release;
		};
		3FBE134119EBB8CC00899CD2 /* Build configuration list for PBXNativeTarget "TableTopClient" */ = {
			isa = XCConfigurationList;
			buildConfigurations = (
				3FBE134219EBB8CC00899CD2 /* Debug */,
				3FBE134319EBB8CC00899CD2 /* Release */,
			);
			defaultConfigurationIsVisible = 0;
		};
/* End XCConfigurationList section */
	};
	rootObject = 3FBE131419EBB8CC00899CD2 /* Project object */;
}
